
Microsoft Visual Studio Solution File, Format Version 12.00
# Visual Studio Version 17
VisualStudioVersion = 17.4.33213.308
MinimumVisualStudioVersion = 10.0.40219.1
Project("{FAE04EC0-301F-11D3-BF4B-00C04F79EFBC}") = "Project01_GaraLongSpeed", "Project01_GaraLongSpeed\Project01_GaraLongSpeed.csproj", "{2ABA6B95-2405-45DA-B80A-F701C1D141F2}"
EndProject
Project("{54435603-DBB4-11D2-8724-00A0C9A8B90C}") = "Setup", "Setup\Setup.vdproj", "{109C0F16-0E53-42CF-AE82-80DAA9D36445}"
EndProject
Global
	GlobalSection(SolutionConfigurationPlatforms) = preSolution
		Debug|Any CPU = Debug|Any CPU
		Release|Any CPU = Release|Any CPU
	EndGlobalSection
	GlobalSection(ProjectConfigurationPlatforms) = postSolution
		{2ABA6B95-2405-45DA-B80A-F701C1D141F2}.Debug|Any CPU.ActiveCfg = Debug|Any CPU
		{2ABA6B95-2405-45DA-B80A-F701C1D141F2}.Debug|Any CPU.Build.0 = Debug|Any CPU
		{2ABA6B95-2405-45DA-B80A-F701C1D141F2}.Release|Any CPU.ActiveCfg = Release|Any CPU
		{2ABA6B95-2405-45DA-B80A-F701C1D141F2}.Release|Any CPU.Build.0 = Release|Any CPU
		{109C0F16-0E53-42CF-AE82-80DAA9D36445}.Debug|Any CPU.ActiveCfg = Debug
		{109C0F16-0E53-42CF-AE82-80DAA9D36445}.Release|Any CPU.ActiveCfg = Release
	EndGlobalSection
	GlobalSection(SolutionProperties) = preSolution
		HideSolutionNode = FALSE
	EndGlobalSection
	GlobalSection(ExtensibilityGlobals) = postSolution
		SolutionGuid = {D078CC2A-6353-41E8-BA0B-96D340F9FC81}
	EndGlobalSection
EndGlobal
